{
  "name": "electron-excel-analysis",
  "version": "1.0.0",
  "lockfileVersion": 1,
  "requires": true,
  "dependencies": {
    "electron": {
      "version": "4.0.6",
      "resolved": "http://registry.npm.taobao.org/electron/download/electron-4.0.6.tgz",
      "dev": true,
      "dependencies": {
        "@types/node": {
          "version": "http://registry.npm.taobao.org/@types/node/download/@types/node-10.12.27.tgz",
          "bundled": true
        },
        "electron-download": {
          "version": "http://registry.npm.taobao.org/electron-download/download/electron-download-4.1.1.tgz",
          "bundled": true
        },
        "extract-zip": {
          "version": "http://registry.npm.taobao.org/extract-zip/download/extract-zip-1.6.7.tgz",
          "bundled": true
        }
      }
    },
    "node-xlsx": {
      "version": "0.14.1",
      "resolved": "http://registry.npm.taobao.org/node-xlsx/download/node-xlsx-0.14.1.tgz",
      "dependencies": {
        "buffer-from": {
          "version": "http://registry.npm.taobao.org/buffer-from/download/buffer-from-1.1.1.tgz",
          "bundled": true
        }
      }
    }
  }
}
